
Microsoft Visual Studio Solution File, Format Version 12.00
# Visual Studio Version 17
VisualStudioVersion = 17.9.34511.98
MinimumVisualStudioVersion = 10.0.40219.1
Project("{FAE04EC0-301F-11D3-BF4B-00C04F79EFBC}") = "Intro", "Intro\Intro.csproj", "{75100A67-3FF3-4D60-A1E2-2CAA6FAD162C}"
EndProject
Global
	GlobalSection(SolutionConfigurationPlatforms) = preSolution
		Debug|Any CPU = Debug|Any CPU
		Release|Any CPU = Release|Any CPU
	EndGlobalSection
	GlobalSection(ProjectConfigurationPlatforms) = postSolution
		{75100A67-3FF3-4D60-A1E2-2CAA6FAD162C}.Debug|Any CPU.ActiveCfg = Debug|Any CPU
		{75100A67-3FF3-4D60-A1E2-2CAA6FAD162C}.Debug|Any CPU.Build.0 = Debug|Any CPU
		{75100A67-3FF3-4D60-A1E2-2CAA6FAD162C}.Release|Any CPU.ActiveCfg = Release|Any CPU
		{75100A67-3FF3-4D60-A1E2-2CAA6FAD162C}.Release|Any CPU.Build.0 = Release|Any CPU
	EndGlobalSection
	GlobalSection(SolutionProperties) = preSolution
		HideSolutionNode = FALSE
	EndGlobalSection
	GlobalSection(ExtensibilityGlobals) = postSolution
		SolutionGuid = {812529EE-0DDE-4574-A6C1-0D22CD431634}
	EndGlobalSection
EndGlobal
